
Microsoft Visual Studio Solution File, Format Version 12.00
# Visual Studio Version 17
VisualStudioVersion = 17.14.36414.22 d17.14
MinimumVisualStudioVersion = 10.0.40219.1
Project("{FAE04EC0-301F-11D3-BF4B-00C04F79EFBC}") = "autosearch", "autosearch\autosearch.csproj", "{EDF3AC0F-0943-431F-BC88-282ADE2B0C4A}"
EndProject
Global
	GlobalSection(SolutionConfigurationPlatforms) = preSolution
		Debug|Any CPU = Debug|Any CPU
		Release|Any CPU = Release|Any CPU
	EndGlobalSection
	GlobalSection(ProjectConfigurationPlatforms) = postSolution
		{EDF3AC0F-0943-431F-BC88-282ADE2B0C4A}.Debug|Any CPU.ActiveCfg = Debug|Any CPU
		{EDF3AC0F-0943-431F-BC88-282ADE2B0C4A}.Debug|Any CPU.Build.0 = Debug|Any CPU
		{EDF3AC0F-0943-431F-BC88-282ADE2B0C4A}.Release|Any CPU.ActiveCfg = Release|Any CPU
		{EDF3AC0F-0943-431F-BC88-282ADE2B0C4A}.Release|Any CPU.Build.0 = Release|Any CPU
	EndGlobalSection
	GlobalSection(SolutionProperties) = preSolution
		HideSolutionNode = FALSE
	EndGlobalSection
	GlobalSection(ExtensibilityGlobals) = postSolution
		SolutionGuid = {228A3E1C-7FF6-4457-AE6D-8C9D7A5EB059}
	EndGlobalSection
EndGlobal
